// !$*UTF8*$!
{
	archiveVersion = 1;
	classes = {
	};
	objectVersion = 50;
	objects = {

/* Begin PBXBuildFile section */
		3C2E7CA4A6301DA599BE1074 /* libPods-BWStarry1604C.a in Frameworks */ = {isa = PBXBuildFile; fileRef = 812F8BBEC42F7D79DCD189AE /* libPods-BWStarry1604C.a */; };
		5EEEB3A320EDFC08006947C5 /* AppDelegate.m in Sources */ = {isa = PBXBuildFile; fileRef = 5EEEB3A220EDFC08006947C5 /* AppDelegate.m */; };
		5EEEB3A620EDFC08006947C5 /* ViewController.m in Sources */ = {isa = PBXBuildFile; fileRef = 5EEEB3A520EDFC08006947C5 /* ViewController.m */; };
		5EEEB3A920EDFC08006947C5 /* Main.storyboard in Resources */ = {isa = PBXBuildFile; fileRef = 5EEEB3A720EDFC08006947C5 /* Main.storyboard */; };
		5EEEB3AC20EDFC08006947C5 /* BWStarry1604C.xcdatamodeld in Sources */ = {isa = PBXBuildFile; fileRef = 5EEEB3AA20EDFC08006947C5 /* BWStarry1604C.xcdatamodeld */; };
		5EEEB3AE20EDFC0A006947C5 /* Assets.xcassets in Resources */ = {isa = PBXBuildFile; fileRef = 5EEEB3AD20EDFC0A006947C5 /* Assets.xcassets */; };
		5EEEB3B120EDFC0A006947C5 /* LaunchScreen.storyboard in Resources */ = {isa = PBXBuildFile; fileRef = 5EEEB3AF20EDFC0A006947C5 /* LaunchScreen.storyboard */; };
		5EEEB3B420EDFC0A006947C5 /* main.m in Sources */ = {isa = PBXBuildFile; fileRef = 5EEEB3B320EDFC0A006947C5 /* main.m */; };
/* End PBXBuildFile section */

/* Begin PBXFileReference section */
		0A2B62412C921136DF8C8DE0 /* Pods-BWStarry1604C.debug.xcconfig */ = {isa = PBXFileReference; includeInIndex = 1; lastKnownFileType = text.xcconfig; name = "Pods-BWStarry1604C.debug.xcconfig"; path = "Pods/Target Support Files/Pods-BWStarry1604C/Pods-BWStarry1604C.debug.xcconfig"; sourceTree = "<group>"; };
		5EEEB39E20EDFC08006947C5 /* BWStarry1604C.app */ = {isa = PBXFileReference; explicitFileType = wrapper.application; includeInIndex = 0; path = BWStarry1604C.app; sourceTree = BUILT_PRODUCTS_DIR; };
		5EEEB3A120EDFC08006947C5 /* AppDelegate.h */ = {isa = PBXFileReference; lastKnownFileType = sourcecode.c.h; path = AppDelegate.h; sourceTree = "<group>"; };
		5EEEB3A220EDFC08006947C5 /* AppDelegate.m */ = {isa = PBXFileReference; lastKnownFileType = sourcecode.c.objc; path = AppDelegate.m; sourceTree = "<group>"; };
		5EEEB3A420EDFC08006947C5 /* ViewController.h */ = {isa = PBXFileReference; lastKnownFileType = sourcecode.c.h; path = ViewController.h; sourceTree = "<group>"; };
		5EEEB3A520EDFC08006947C5 /* ViewController.m */ = {isa = PBXFileReference; lastKnownFileType = sourcecode.c.objc; path = ViewController.m; sourceTree = "<group>"; };
		5EEEB3A820EDFC08006947C5 /* Base */ = {isa = PBXFileReference; lastKnownFileType = file.storyboard; name = Base; path = Base.lproj/Main.storyboard; sourceTree = "<group>"; };
		5EEEB3AB20EDFC08006947C5 /* BWStarry1604C.xcdatamodel */ = {isa = PBXFileReference; lastKnownFileType = wrapper.xcdatamodel; path = BWStarry1604C.xcdatamodel; sourceTree = "<group>"; };
		5EEEB3AD20EDFC0A006947C5 /* Assets.xcassets */ = {isa = PBXFileReference; lastKnownFileType = folder.assetcatalog; path = Assets.xcassets; sourceTree = "<group>"; };
		5EEEB3B020EDFC0A006947C5 /* Base */ = {isa = PBXFileReference; lastKnownFileType = file.storyboard; name = Base; path = Base.lproj/LaunchScreen.storyboard; sourceTree = "<group>"; };
		5EEEB3B220EDFC0A006947C5 /* Info.plist */ = {isa = PBXFileReference; lastKnownFileType = text.plist.xml; path = Info.plist; sourceTree = "<group>"; };
		5EEEB3B320EDFC0A006947C5 /* main.m */ = {isa = PBXFileReference; lastKnownFileType = sourcecode.c.objc; path = main.m; sourceTree = "<group>"; };
		812F8BBEC42F7D79DCD189AE /* libPods-BWStarry1604C.a */ = {isa = PBXFileReference; explicitFileType = archive.ar; includeInIndex = 0; path = "libPods-BWStarry1604C.a"; sourceTree = BUILT_PRODUCTS_DIR; };
		DA1F71B992A574386CBFB4B0 /* Pods-BWStarry1604C.release.xcconfig */ = {isa = PBXFileReference; includeInIndex = 1; lastKnownFileType = text.xcconfig; name = "Pods-BWStarry1604C.release.xcconfig"; path = "Pods/Target Support Files/Pods-BWStarry1604C/Pods-BWStarry1604C.release.xcconfig"; sourceTree = "<group>"; };
/* End PBXFileReference section */

/* Begin PBXFrameworksBuildPhase section */
		5EEEB39B20EDFC08006947C5 /* Frameworks */ = {
			isa = PBXFrameworksBuildPhase;
			buildActionMask = 2147483647;
			files = (
				3C2E7CA4A6301DA599BE1074 /* libPods-BWStarry1604C.a in Frameworks */,
			);
			runOnlyForDeploymentPostprocessing = 0;
		};
/* End PBXFrameworksBuildPhase section */

/* Begin PBXGroup section */
		15CAC1E0BF5CF2584EB108A4 /* Pods */ = {
			isa = PBXGroup;
			children = (
				0A2B62412C921136DF8C8DE0 /* Pods-BWStarry1604C.debug.xcconfig */,
				DA1F71B992A574386CBFB4B0 /* Pods-BWStarry1604C.release.xcconfig */,
			);
			name = Pods;
			sourceTree = "<group>";
		};
		4FDB0E9E39FD8EF009CC1791 /* Frameworks */ = {
			isa = PBXGroup;
			children = (
				812F8BBEC42F7D79DCD189AE /* libPods-BWStarry1604C.a */,
			);
			name = Frameworks;
			sourceTree = "<group>";
		};
		5EEEB39520EDFC08006947C5 = {
			isa = PBXGroup;
			children = (
				5EEEB3A020EDFC08006947C5 /* BWStarry1604C */,
				5EEEB39F20EDFC08006947C5 /* Products */,
				15CAC1E0BF5CF2584EB108A4 /* Pods */,
				4FDB0E9E39FD8EF009CC1791 /* Frameworks */,
			);
			sourceTree = "<group>";
		};
		5EEEB39F20EDFC08006947C5 /* Products */ = {
			isa = PBXGroup;
			children = (
				5EEEB39E20EDFC08006947C5 /* BWStarry1604C.app */,
			);
			name = Products;
			sourceTree = "<group>";
		};
		5EEEB3A020EDFC08006947C5 /* BWStarry1604C */ = {
			isa = PBXGroup;
			children = (
				5EEEB3D720EE06B0006947C5 /* Code */,
				5EEEB3A120EDFC08006947C5 /* AppDelegate.h */,
				5EEEB3A220EDFC08006947C5 /* AppDelegate.m */,
				5EEEB3A420EDFC08006947C5 /* ViewController.h */,
				5EEEB3A520EDFC08006947C5 /* ViewController.m */,
				5EEEB3A720EDFC08006947C5 /* Main.storyboard */,
				5EEEB3AD20EDFC0A006947C5 /* Assets.xcassets */,
				5EEEB3AF20EDFC0A006947C5 /* LaunchScreen.storyboard */,
				5EEEB3B220EDFC0A006947C5 /* Info.plist */,
				5EEEB3B320EDFC0A006947C5 /* main.m */,
				5EEEB3AA20EDFC08006947C5 /* BWStarry1604C.xcdatamodeld */,
			);
			path = BWStarry1604C;
			sourceTree = "<group>";
		};
		5EEEB3BA20EE04DF006947C5 /* Base */ = {
			isa = PBXGroup;
			children = (
				5EEEB3BD20EE04EE006947C5 /* Model */,
				5EEEB3BE20EE04F0006947C5 /* View */,
				5EEEB3BC20EE04ED006947C5 /* Controller */,
			);
			path = Base;
			sourceTree = "<group>";
		};
		5EEEB3BC20EE04ED006947C5 /* Controller */ = {
			isa = PBXGroup;
			children = (
			);
			path = Controller;
			sourceTree = "<group>";
		};
		5EEEB3BD20EE04EE006947C5 /* Model */ = {
			isa = PBXGroup;
			children = (
			);
			path = Model;
			sourceTree = "<group>";
		};
		5EEEB3BE20EE04F0006947C5 /* View */ = {
			isa = PBXGroup;
			children = (
			);
			path = View;
			sourceTree = "<group>";
		};
		5EEEB3BF20EE06A1006947C5 /* News */ = {
			isa = PBXGroup;
			children = (
				5EEEB3C020EE06A1006947C5 /* Controller */,
				5EEEB3C120EE06A1006947C5 /* Model */,
				5EEEB3C220EE06A1006947C5 /* View */,
			);
			path = News;
			sourceTree = "<group>";
		};
		5EEEB3C020EE06A1006947C5 /* Controller */ = {
			isa = PBXGroup;
			children = (
			);
			path = Controller;
			sourceTree = "<group>";
		};
		5EEEB3C120EE06A1006947C5 /* Model */ = {
			isa = PBXGroup;
			children = (
			);
			path = Model;
			sourceTree = "<group>";
		};
		5EEEB3C220EE06A1006947C5 /* View */ = {
			isa = PBXGroup;
			children = (
			);
			path = View;
			sourceTree = "<group>";
		};
		5EEEB3C320EE06A1006947C5 /* ShoppingMall */ = {
			isa = PBXGroup;
			children = (
				5EEEB3C420EE06A1006947C5 /* Controller */,
				5EEEB3C520EE06A1006947C5 /* Model */,
				5EEEB3C620EE06A1006947C5 /* View */,
			);
			path = ShoppingMall;
			sourceTree = "<group>";
		};
		5EEEB3C420EE06A1006947C5 /* Controller */ = {
			isa = PBXGroup;
			children = (
			);
			path = Controller;
			sourceTree = "<group>";
		};
		5EEEB3C520EE06A1006947C5 /* Model */ = {
			isa = PBXGroup;
			children = (
			);
			path = Model;
			sourceTree = "<group>";
		};
		5EEEB3C620EE06A1006947C5 /* View */ = {
			isa = PBXGroup;
			children = (
			);
			path = View;
			sourceTree = "<group>";
		};
		5EEEB3C720EE06A2006947C5 /* PersonCenter */ = {
			isa = PBXGroup;
			children = (
				5EEEB3C820EE06A2006947C5 /* Controller */,
				5EEEB3C920EE06A2006947C5 /* Model */,
				5EEEB3CA20EE06A2006947C5 /* View */,
			);
			path = PersonCenter;
			sourceTree = "<group>";
		};
		5EEEB3C820EE06A2006947C5 /* Controller */ = {
			isa = PBXGroup;
			children = (
			);
			path = Controller;
			sourceTree = "<group>";
		};
		5EEEB3C920EE06A2006947C5 /* Model */ = {
			isa = PBXGroup;
			children = (
			);
			path = Model;
			sourceTree = "<group>";
		};
		5EEEB3CA20EE06A2006947C5 /* View */ = {
			isa = PBXGroup;
			children = (
			);
			path = View;
			sourceTree = "<group>";
		};
		5EEEB3CB20EE06A2006947C5 /* LiveBroadcast */ = {
			isa = PBXGroup;
			children = (
				5EEEB3CC20EE06A2006947C5 /* Controller */,
				5EEEB3CD20EE06A2006947C5 /* Model */,
				5EEEB3CE20EE06A2006947C5 /* View */,
			);
			path = LiveBroadcast;
			sourceTree = "<group>";
		};
		5EEEB3CC20EE06A2006947C5 /* Controller */ = {
			isa = PBXGroup;
			children = (
			);
			path = Controller;
			sourceTree = "<group>";
		};
		5EEEB3CD20EE06A2006947C5 /* Model */ = {
			isa = PBXGroup;
			children = (
			);
			path = Model;
			sourceTree = "<group>";
		};
		5EEEB3CE20EE06A2006947C5 /* View */ = {
			isa = PBXGroup;
			children = (
			);
			path = View;
			sourceTree = "<group>";
		};
		5EEEB3CF20EE06A2006947C5 /* Guide */ = {
			isa = PBXGroup;
			children = (
				5EEEB3D020EE06A2006947C5 /* Controller */,
				5EEEB3D120EE06A2006947C5 /* Model */,
				5EEEB3D220EE06A2006947C5 /* View */,
			);
			path = Guide;
			sourceTree = "<group>";
		};
		5EEEB3D020EE06A2006947C5 /* Controller */ = {
			isa = PBXGroup;
			children = (
			);
			path = Controller;
			sourceTree = "<group>";
		};
		5EEEB3D120EE06A2006947C5 /* Model */ = {
			isa = PBXGroup;
			children = (
			);
			path = Model;
			sourceTree = "<group>";
		};
		5EEEB3D220EE06A2006947C5 /* View */ = {
			isa = PBXGroup;
			children = (
			);
			path = View;
			sourceTree = "<group>";
		};
		5EEEB3D320EE06A2006947C5 /* Login */ = {
			isa = PBXGroup;
			children = (
				5EEEB3D420EE06A2006947C5 /* Controller */,
				5EEEB3D520EE06A2006947C5 /* Model */,
				5EEEB3D620EE06A2006947C5 /* View */,
			);
			path = Login;
			sourceTree = "<group>";
		};
		5EEEB3D420EE06A2006947C5 /* Controller */ = {
			isa = PBXGroup;
			children = (
			);
			path = Controller;
			sourceTree = "<group>";
		};
		5EEEB3D520EE06A2006947C5 /* Model */ = {
			isa = PBXGroup;
			children = (
			);
			path = Model;
			sourceTree = "<group>";
		};
		5EEEB3D620EE06A2006947C5 /* View */ = {
			isa = PBXGroup;
			children = (
			);
			path = View;
			sourceTree = "<group>";
		};
		5EEEB3D720EE06B0006947C5 /* Code */ = {
			isa = PBXGroup;
			children = (
				5EEEB3CF20EE06A2006947C5 /* Guide */,
				5EEEB3CB20EE06A2006947C5 /* LiveBroadcast */,
				5EEEB3D320EE06A2006947C5 /* Login */,
				5EEEB3BF20EE06A1006947C5 /* News */,
				5EEEB3C720EE06A2006947C5 /* PersonCenter */,
				5EEEB3C320EE06A1006947C5 /* ShoppingMall */,
				5EEEB3BA20EE04DF006947C5 /* Base */,
			);
			path = Code;
			sourceTree = "<group>";
		};
/* End PBXGroup section */

/* Begin PBXNativeTarget section */
		5EEEB39D20EDFC08006947C5 /* BWStarry1604C */ = {
			isa = PBXNativeTarget;
			buildConfigurationList = 5EEEB3B720EDFC0A006947C5 /* Build configuration list for PBXNativeTarget "BWStarry1604C" */;
			buildPhases = (
				330481CB501F2D87964AD8A5 /* [CP] Check Pods Manifest.lock */,
				5EEEB39A20EDFC08006947C5 /* Sources */,
				5EEEB39B20EDFC08006947C5 /* Frameworks */,
				5EEEB39C20EDFC08006947C5 /* Resources */,
				4F88FA3FDEC54134621AC6F2 /* [CP] Copy Pods Resources */,
			);
			buildRules = (
			);
			dependencies = (
			);
			name = BWStarry1604C;
			productName = BWStarry1604C;
			productReference = 5EEEB39E20EDFC08006947C5 /* BWStarry1604C.app */;
			productType = "com.apple.product-type.application";
		};
/* End PBXNativeTarget section */

/* Begin PBXProject section */
		5EEEB39620EDFC08006947C5 /* Project object */ = {
			isa = PBXProject;
			attributes = {
				LastUpgradeCheck = 0940;
				ORGANIZATIONNAME = "朱振吉";
				TargetAttributes = {
					5EEEB39D20EDFC08006947C5 = {
						CreatedOnToolsVersion = 9.4.1;
					};
				};
			};
			buildConfigurationList = 5EEEB39920EDFC08006947C5 /* Build configuration list for PBXProject "BWStarry1604C" */;
			compatibilityVersion = "Xcode 9.3";
			developmentRegion = en;
			hasScannedForEncodings = 0;
			knownRegions = (
				en,
				Base,
			);
			mainGroup = 5EEEB39520EDFC08006947C5;
			productRefGroup = 5EEEB39F20EDFC08006947C5 /* Products */;
			projectDirPath = "";
			projectRoot = "";
			targets = (
				5EEEB39D20EDFC08006947C5 /* BWStarry1604C */,
			);
		};
/* End PBXProject section */

/* Begin PBXResourcesBuildPhase section */
		5EEEB39C20EDFC08006947C5 /* Resources */ = {
			isa = PBXResourcesBuildPhase;
			buildActionMask = 2147483647;
			files = (
				5EEEB3B120EDFC0A006947C5 /* LaunchScreen.storyboard in Resources */,
				5EEEB3AE20EDFC0A006947C5 /* Assets.xcassets in Resources */,
				5EEEB3A920EDFC08006947C5 /* Main.storyboard in Resources */,
			);
			runOnlyForDeploymentPostprocessing = 0;
		};
/* End PBXResourcesBuildPhase section */

/* Begin PBXShellScriptBuildPhase section */
		330481CB501F2D87964AD8A5 /* [CP] Check Pods Manifest.lock */ = {
			isa = PBXShellScriptBuildPhase;
			buildActionMask = 2147483647;
			files = (
			);
			inputPaths = (
				"${PODS_PODFILE_DIR_PATH}/Podfile.lock",
				"${PODS_ROOT}/Manifest.lock",
			);
			name = "[CP] Check Pods Manifest.lock";
			outputPaths = (
				"$(DERIVED_FILE_DIR)/Pods-BWStarry1604C-checkManifestLockResult.txt",
			);
			runOnlyForDeploymentPostprocessing = 0;
			shellPath = /bin/sh;
			shellScript = "diff \"${PODS_PODFILE_DIR_PATH}/Podfile.lock\" \"${PODS_ROOT}/Manifest.lock\" > /dev/null\nif [ $? != 0 ] ; then\n    # print error to STDERR\n    echo \"error: The sandbox is not in sync with the Podfile.lock. Run 'pod install' or update your CocoaPods installation.\" >&2\n    exit 1\nfi\n# This output is used by Xcode 'outputs' to avoid re-running this script phase.\necho \"SUCCESS\" > \"${SCRIPT_OUTPUT_FILE_0}\"\n";
			showEnvVarsInLog = 0;
		};
		4F88FA3FDEC54134621AC6F2 /* [CP] Copy Pods Resources */ = {
			isa = PBXShellScriptBuildPhase;
			buildActionMask = 2147483647;
			files = (
			);
			inputPaths = (
				"${SRCROOT}/Pods/Target Support Files/Pods-BWStarry1604C/Pods-BWStarry1604C-resources.sh",
				"${PODS_ROOT}/MJRefresh/MJRefresh/MJRefresh.bundle",
				"${PODS_CONFIGURATION_BUILD_DIR}/MWPhotoBrowser/MWPhotoBrowser.bundle",
			);
			name = "[CP] Copy Pods Resources";
			outputPaths = (
				"${TARGET_BUILD_DIR}/${UNLOCALIZED_RESOURCES_FOLDER_PATH}/MJRefresh.bundle",
				"${TARGET_BUILD_DIR}/${UNLOCALIZED_RESOURCES_FOLDER_PATH}/MWPhotoBrowser.bundle",
			);
			runOnlyForDeploymentPostprocessing = 0;
			shellPath = /bin/sh;
			shellScript = "\"${SRCROOT}/Pods/Target Support Files/Pods-BWStarry1604C/Pods-BWStarry1604C-resources.sh\"\n";
			showEnvVarsInLog = 0;
		};
/* End PBXShellScriptBuildPhase section */

/* Begin PBXSourcesBuildPhase section */
		5EEEB39A20EDFC08006947C5 /* Sources */ = {
			isa = PBXSourcesBuildPhase;
			buildActionMask = 2147483647;
			files = (
				5EEEB3A620EDFC08006947C5 /* ViewController.m in Sources */,
				5EEEB3A320EDFC08006947C5 /* AppDelegate.m in Sources */,
				5EEEB3B420EDFC0A006947C5 /* main.m in Sources */,
				5EEEB3AC20EDFC08006947C5 /* BWStarry1604C.xcdatamodeld in Sources */,
			);
			runOnlyForDeploymentPostprocessing = 0;
		};
/* End PBXSourcesBuildPhase section */

/* Begin PBXVariantGroup section */
		5EEEB3A720EDFC08006947C5 /* Main.storyboard */ = {
			isa = PBXVariantGroup;
			children = (
				5EEEB3A820EDFC08006947C5 /* Base */,
			);
			name = Main.storyboard;
			sourceTree = "<group>";
		};
		5EEEB3AF20EDFC0A006947C5 /* LaunchScreen.storyboard */ = {
			isa = PBXVariantGroup;
			children = (
				5EEEB3B020EDFC0A006947C5 /* Base */,
			);
			name = LaunchScreen.storyboard;
			sourceTree = "<group>";
		};
/* End PBXVariantGroup section */

/* Begin XCBuildConfiguration section */
		5EEEB3B520EDFC0A006947C5 /* Debug */ = {
			isa = XCBuildConfiguration;
			buildSettings = {
				ALWAYS_SEARCH_USER_PATHS = NO;
				CLANG_ANALYZER_NONNULL = YES;
				CLANG_ANALYZER_NUMBER_OBJECT_CONVERSION = YES_AGGRESSIVE;
				CLANG_CXX_LANGUAGE_STANDARD = "gnu++14";
				CLANG_CXX_LIBRARY = "libc++";
				CLANG_ENABLE_MODULES = YES;
				CLANG_ENABLE_OBJC_ARC = YES;
				CLANG_ENABLE_OBJC_WEAK = YES;
				CLANG_WARN_BLOCK_CAPTURE_AUTORELEASING = YES;
				CLANG_WARN_BOOL_CONVERSION = YES;
				CLANG_WARN_COMMA = YES;
				CLANG_WARN_CONSTANT_CONVERSION = YES;
				CLANG_WARN_DEPRECATED_OBJC_IMPLEMENTATIONS = YES;
				CLANG_WARN_DIRECT_OBJC_ISA_USAGE = YES_ERROR;
				CLANG_WARN_DOCUMENTATION_COMMENTS = YES;
				CLANG_WARN_EMPTY_BODY = YES;
				CLANG_WARN_ENUM_CONVERSION = YES;
				CLANG_WARN_INFINITE_RECURSION = YES;
				CLANG_WARN_INT_CONVERSION = YES;
				CLANG_WARN_NON_LITERAL_NULL_CONVERSION = YES;
				CLANG_WARN_OBJC_IMPLICIT_RETAIN_SELF = YES;
				CLANG_WARN_OBJC_LITERAL_CONVERSION = YES;
				CLANG_WARN_OBJC_ROOT_CLASS = YES_ERROR;
				CLANG_WARN_RANGE_LOOP_ANALYSIS = YES;
				CLANG_WARN_STRICT_PROTOTYPES = YES;
				CLANG_WARN_SUSPICIOUS_MOVE = YES;
				CLANG_WARN_UNGUARDED_AVAILABILITY = YES_AGGRESSIVE;
				CLANG_WARN_UNREACHABLE_CODE = YES;
				CLANG_WARN__DUPLICATE_METHOD_MATCH = YES;
				CODE_SIGN_IDENTITY = "iPhone Developer";
				COPY_PHASE_STRIP = NO;
				DEBUG_INFORMATION_FORMAT = dwarf;
				ENABLE_STRICT_OBJC_MSGSEND = YES;
				ENABLE_TESTABILITY = YES;
				GCC_C_LANGUAGE_STANDARD = gnu11;
				GCC_DYNAMIC_NO_PIC = NO;
				GCC_NO_COMMON_BLOCKS = YES;
				GCC_OPTIMIZATION_LEVEL = 0;
				GCC_PREPROCESSOR_DEFINITIONS = (
					"DEBUG=1",
					"$(inherited)",
				);
				GCC_WARN_64_TO_32_BIT_CONVERSION = YES;
				GCC_WARN_ABOUT_RETURN_TYPE = YES_ERROR;
				GCC_WARN_UNDECLARED_SELECTOR = YES;
				GCC_WARN_UNINITIALIZED_AUTOS = YES_AGGRESSIVE;
				GCC_WARN_UNUSED_FUNCTION = YES;
				GCC_WARN_UNUSED_VARIABLE = YES;
				IPHONEOS_DEPLOYMENT_TARGET = 11.4;
				MTL_ENABLE_DEBUG_INFO = YES;
				ONLY_ACTIVE_ARCH = YES;
				SDKROOT = iphoneos;
			};
			name = Debug;
		};
		5EEEB3B620EDFC0A006947C5 /* Release */ = {
			isa = XCBuildConfiguration;
			buildSettings = {
				ALWAYS_SEARCH_USER_PATHS = NO;
				CLANG_ANALYZER_NONNULL = YES;
				CLANG_ANALYZER_NUMBER_OBJECT_CONVERSION = YES_AGGRESSIVE;
				CLANG_CXX_LANGUAGE_STANDARD = "gnu++14";
				CLANG_CXX_LIBRARY = "libc++";
				CLANG_ENABLE_MODULES = YES;
				CLANG_ENABLE_OBJC_ARC = YES;
				CLANG_ENABLE_OBJC_WEAK = YES;
				CLANG_WARN_BLOCK_CAPTURE_AUTORELEASING = YES;
				CLANG_WARN_BOOL_CONVERSION = YES;
				CLANG_WARN_COMMA = YES;
				CLANG_WARN_CONSTANT_CONVERSION = YES;
				CLANG_WARN_DEPRECATED_OBJC_IMPLEMENTATIONS = YES;
				CLANG_WARN_DIRECT_OBJC_ISA_USAGE = YES_ERROR;
				CLANG_WARN_DOCUMENTATION_COMMENTS = YES;
				CLANG_WARN_EMPTY_BODY = YES;
				CLANG_WARN_ENUM_CONVERSION = YES;
				CLANG_WARN_INFINITE_RECURSION = YES;
				CLANG_WARN_INT_CONVERSION = YES;
				CLANG_WARN_NON_LITERAL_NULL_CONVERSION = YES;
				CLANG_WARN_OBJC_IMPLICIT_RETAIN_SELF = YES;
				CLANG_WARN_OBJC_LITERAL_CONVERSION = YES;
				CLANG_WARN_OBJC_ROOT_CLASS = YES_ERROR;
				CLANG_WARN_RANGE_LOOP_ANALYSIS = YES;
				CLANG_WARN_STRICT_PROTOTYPES = YES;
				CLANG_WARN_SUSPICIOUS_MOVE = YES;
				CLANG_WARN_UNGUARDED_AVAILABILITY = YES_AGGRESSIVE;
				CLANG_WARN_UNREACHABLE_CODE = YES;
				CLANG_WARN__DUPLICATE_METHOD_MATCH = YES;
				CODE_SIGN_IDENTITY = "iPhone Developer";
				COPY_PHASE_STRIP = NO;
				DEBUG_INFORMATION_FORMAT = "dwarf-with-dsym";
				ENABLE_NS_ASSERTIONS = NO;
				ENABLE_STRICT_OBJC_MSGSEND = YES;
				GCC_C_LANGUAGE_STANDARD = gnu11;
				GCC_NO_COMMON_BLOCKS = YES;
				GCC_WARN_64_TO_32_BIT_CONVERSION = YES;
				GCC_WARN_ABOUT_RETURN_TYPE = YES_ERROR;
				GCC_WARN_UNDECLARED_SELECTOR = YES;
				GCC_WARN_UNINITIALIZED_AUTOS = YES_AGGRESSIVE;
				GCC_WARN_UNUSED_FUNCTION = YES;
				GCC_WARN_UNUSED_VARIABLE = YES;
				IPHONEOS_DEPLOYMENT_TARGET = 11.4;
				MTL_ENABLE_DEBUG_INFO = NO;
				SDKROOT = iphoneos;
				VALIDATE_PRODUCT = YES;
			};
			name = Release;
		};
		5EEEB3B820EDFC0A006947C5 /* Debug */ = {
			isa = XCBuildConfiguration;
			baseConfigurationReference = 0A2B62412C921136DF8C8DE0 /* Pods-BWStarry1604C.debug.xcconfig */;
			buildSettings = {
				ASSETCATALOG_COMPILER_APPICON_NAME = AppIcon;
				ASSETCATALOG_COMPILER_LAUNCHIMAGE_NAME = LaunchImage;
				CODE_SIGN_STYLE = Automatic;
				INFOPLIST_FILE = BWStarry1604C/Info.plist;
				LD_RUNPATH_SEARCH_PATHS = (
					"$(inherited)",
					"@executable_path/Frameworks",
				);
				PRODUCT_BUNDLE_IDENTIFIER = cn.bawei.BWStarry1604C;
				PRODUCT_NAME = "$(TARGET_NAME)";
				TARGETED_DEVICE_FAMILY = "1,2";
			};
			name = Debug;
		};
		5EEEB3B920EDFC0A006947C5 /* Release */ = {
			isa = XCBuildConfiguration;
			baseConfigurationReference = DA1F71B992A574386CBFB4B0 /* Pods-BWStarry1604C.release.xcconfig */;
			buildSettings = {
				ASSETCATALOG_COMPILER_APPICON_NAME = AppIcon;
				ASSETCATALOG_COMPILER_LAUNCHIMAGE_NAME = LaunchImage;
				CODE_SIGN_STYLE = Automatic;
				INFOPLIST_FILE = BWStarry1604C/Info.plist;
				LD_RUNPATH_SEARCH_PATHS = (
					"$(inherited)",
					"@executable_path/Frameworks",
				);
				PRODUCT_BUNDLE_IDENTIFIER = cn.bawei.BWStarry1604C;
				PRODUCT_NAME = "$(TARGET_NAME)";
				TARGETED_DEVICE_FAMILY = "1,2";
			};
			name = Release;
		};
/* End XCBuildConfiguration section */

/* Begin XCConfigurationList section */
		5EEEB39920EDFC08006947C5 /* Build configuration list for PBXProject "BWStarry1604C" */ = {
			isa = XCConfigurationList;
			buildConfigurations = (
				5EEEB3B520EDFC0A006947C5 /* Debug */,
				5EEEB3B620EDFC0A006947C5 /* Release */,
			);
			defaultConfigurationIsVisible = 0;
			defaultConfigurationName = Release;
		};
		5EEEB3B720EDFC0A006947C5 /* Build configuration list for PBXNativeTarget "BWStarry1604C" */ = {
			isa = XCConfigurationList;
			buildConfigurations = (
				5EEEB3B820EDFC0A006947C5 /* Debug */,
				5EEEB3B920EDFC0A006947C5 /* Release */,
			);
			defaultConfigurationIsVisible = 0;
			defaultConfigurationName = Release;
		};
/* End XCConfigurationList section */

/* Begin XCVersionGroup section */
		5EEEB3AA20EDFC08006947C5 /* BWStarry1604C.xcdatamodeld */ = {
			isa = XCVersionGroup;
			children = (
				5EEEB3AB20EDFC08006947C5 /* BWStarry1604C.xcdatamodel */,
			);
			currentVersion = 5EEEB3AB20EDFC08006947C5 /* BWStarry1604C.xcdatamodel */;
			path = BWStarry1604C.xcdatamodeld;
			sourceTree = "<group>";
			versionGroupType = wrapper.xcdatamodel;
		};
/* End XCVersionGroup section */
	};
	rootObject = 5EEEB39620EDFC08006947C5 /* Project object */;
}
